{
  "name": "medibook",
  "version": "1.0.0",
  "lockfileVersion": 3,
  "requires": true,
  "packages": {
    "": {
      "name": "medibook",
      "version": "1.0.0",
      "workspaces": [
        "backend",
        "frontend"
      ],
      "engines": {
        "node": ">=20.0.0"
      }
    }
  }
}
